// !$*UTF8*$!
{
	archiveVersion = 1;
	classes = {
	};
	objectVersion = 46;
	objects = {

/* Begin PBXBuildFile section */
		432B693B21ADABE600E10205 /* ViewController.m in Sources */ = {isa = PBXBuildFile; fileRef = 432B693A21ADABE600E10205 /* ViewController.m */; };
		43B6E89E1FAD9D28008955A2 /* main.m in Sources */ = {isa = PBXBuildFile; fileRef = 43B6E89D1FAD9D28008955A2 /* main.m */; };
		43B6E8A11FAD9D28008955A2 /* AppDelegate.m in Sources */ = {isa = PBXBuildFile; fileRef = 43B6E8A01FAD9D28008955A2 /* AppDelegate.m */; };
		43B6E8A71FAD9D28008955A2 /* Main.storyboard in Resources */ = {isa = PBXBuildFile; fileRef = 43B6E8A51FAD9D28008955A2 /* Main.storyboard */; };
		43B6E8A91FAD9D28008955A2 /* Assets.xcassets in Resources */ = {isa = PBXBuildFile; fileRef = 43B6E8A81FAD9D28008955A2 /* Assets.xcassets */; };
		43B6E8AC1FAD9D28008955A2 /* LaunchScreen.storyboard in Resources */ = {isa = PBXBuildFile; fileRef = 43B6E8AA1FAD9D28008955A2 /* LaunchScreen.storyboard */; };
		43B6E8B71FAD9D28008955A2 /* CoreBluetooth1104PMTests.m in Sources */ = {isa = PBXBuildFile; fileRef = 43B6E8B61FAD9D28008955A2 /* CoreBluetooth1104PMTests.m */; };
		43B6E8C21FAD9D28008955A2 /* CoreBluetooth1104PMUITests.m in Sources */ = {isa = PBXBuildFile; fileRef = 43B6E8C11FAD9D28008955A2 /* CoreBluetooth1104PMUITests.m */; };
/* End PBXBuildFile section */

/* Begin PBXContainerItemProxy section */
		43B6E8B31FAD9D28008955A2 /* PBXContainerItemProxy */ = {
			isa = PBXContainerItemProxy;
			containerPortal = 43B6E8911FAD9D28008955A2 /* Project object */;
			proxyType = 1;
			remoteGlobalIDString = 43B6E8981FAD9D28008955A2;
			remoteInfo = CoreBluetooth1104PM;
		};
		43B6E8BE1FAD9D28008955A2 /* PBXContainerItemProxy */ = {
			isa = PBXContainerItemProxy;
			containerPortal = 43B6E8911FAD9D28008955A2 /* Project object */;
			proxyType = 1;
			remoteGlobalIDString = 43B6E8981FAD9D28008955A2;
			remoteInfo = CoreBluetooth1104PM;
		};
/* End PBXContainerItemProxy section */

/* Begin PBXFileReference section */
		432B693921ADABE600E10205 /* ViewController.h */ = {isa = PBXFileReference; fileEncoding = 4; lastKnownFileType = sourcecode.c.h; path = ViewController.h; sourceTree = "<group>"; };
		432B693A21ADABE600E10205 /* ViewController.m */ = {isa = PBXFileReference; fileEncoding = 4; lastKnownFileType = sourcecode.c.objc; path = ViewController.m; sourceTree = "<group>"; };
		43B6E8991FAD9D28008955A2 /* CoreBluetooth1104PM.app */ = {isa = PBXFileReference; explicitFileType = wrapper.application; includeInIndex = 0; path = CoreBluetooth1104PM.app; sourceTree = BUILT_PRODUCTS_DIR; };
		43B6E89D1FAD9D28008955A2 /* main.m */ = {isa = PBXFileReference; lastKnownFileType = sourcecode.c.objc; path = main.m; sourceTree = "<group>"; };
		43B6E89F1FAD9D28008955A2 /* AppDelegate.h */ = {isa = PBXFileReference; lastKnownFileType = sourcecode.c.h; path = AppDelegate.h; sourceTree = "<group>"; };
		43B6E8A01FAD9D28008955A2 /* AppDelegate.m */ = {isa = PBXFileReference; lastKnownFileType = sourcecode.c.objc; path = AppDelegate.m; sourceTree = "<group>"; };
		43B6E8A61FAD9D28008955A2 /* Base */ = {isa = PBXFileReference; lastKnownFileType = file.storyboard; name = Base; path = Base.lproj/Main.storyboard; sourceTree = "<group>"; };
		43B6E8A81FAD9D28008955A2 /* Assets.xcassets */ = {isa = PBXFileReference; lastKnownFileType = folder.assetcatalog; path = Assets.xcassets; sourceTree = "<group>"; };
		43B6E8AB1FAD9D28008955A2 /* Base */ = {isa = PBXFileReference; lastKnownFileType = file.storyboard; name = Base; path = Base.lproj/LaunchScreen.storyboard; sourceTree = "<group>"; };
		43B6E8AD1FAD9D28008955A2 /* Info.plist */ = {isa = PBXFileReference; lastKnownFileType = text.plist.xml; path = Info.plist; sourceTree = "<group>"; };
		43B6E8B21FAD9D28008955A2 /* CoreBluetooth1104PMTests.xctest */ = {isa = PBXFileReference; explicitFileType = wrapper.cfbundle; includeInIndex = 0; path = CoreBluetooth1104PMTests.xctest; sourceTree = BUILT_PRODUCTS_DIR; };
		43B6E8B61FAD9D28008955A2 /* CoreBluetooth1104PMTests.m */ = {isa = PBXFileReference; lastKnownFileType = sourcecode.c.objc; path = CoreBluetooth1104PMTests.m; sourceTree = "<group>"; };
		43B6E8B81FAD9D28008955A2 /* Info.plist */ = {isa = PBXFileReference; lastKnownFileType = text.plist.xml; path = Info.plist; sourceTree = "<group>"; };
		43B6E8BD1FAD9D28008955A2 /* CoreBluetooth1104PMUITests.xctest */ = {isa = PBXFileReference; explicitFileType = wrapper.cfbundle; includeInIndex = 0; path = CoreBluetooth1104PMUITests.xctest; sourceTree = BUILT_PRODUCTS_DIR; };
		43B6E8C11FAD9D28008955A2 /* CoreBluetooth1104PMUITests.m */ = {isa = PBXFileReference; lastKnownFileType = sourcecode.c.objc; path = CoreBluetooth1104PMUITests.m; sourceTree = "<group>"; };
		43B6E8C31FAD9D28008955A2 /* Info.plist */ = {isa = PBXFileReference; lastKnownFileType = text.plist.xml; path = Info.plist; sourceTree = "<group>"; };
/* End PBXFileReference section */

/* Begin PBXFrameworksBuildPhase section */
		43B6E8961FAD9D28008955A2 /* Frameworks */ = {
			isa = PBXFrameworksBuildPhase;
			buildActionMask = 2147483647;
			files = (
			);
			runOnlyForDeploymentPostprocessing = 0;
		};
		43B6E8AF1FAD9D28008955A2 /* Frameworks */ = {
			isa = PBXFrameworksBuildPhase;
			buildActionMask = 2147483647;
			files = (
			);
			runOnlyForDeploymentPostprocessing = 0;
		};
		43B6E8BA1FAD9D28008955A2 /* Frameworks */ = {
			isa = PBXFrameworksBuildPhase;
			buildActionMask = 2147483647;
			files = (
			);
			runOnlyForDeploymentPostprocessing = 0;
		};
/* End PBXFrameworksBuildPhase section */

/* Begin PBXGroup section */
		432B693821ADABE600E10205 /* CoreBluetooth */ = {
			isa = PBXGroup;
			children = (
				432B693921ADABE600E10205 /* ViewController.h */,
				432B693A21ADABE600E10205 /* ViewController.m */,
			);
			path = CoreBluetooth;
			sourceTree = "<group>";
		};
		43B6E8901FAD9D28008955A2 = {
			isa = PBXGroup;
			children = (
				43B6E89B1FAD9D28008955A2 /* CoreBluetooth1104PM */,
				43B6E8B51FAD9D28008955A2 /* CoreBluetooth1104PMTests */,
				43B6E8C01FAD9D28008955A2 /* CoreBluetooth1104PMUITests */,
				43B6E89A1FAD9D28008955A2 /* Products */,
			);
			sourceTree = "<group>";
		};
		43B6E89A1FAD9D28008955A2 /* Products */ = {
			isa = PBXGroup;
			children = (
				43B6E8991FAD9D28008955A2 /* CoreBluetooth1104PM.app */,
				43B6E8B21FAD9D28008955A2 /* CoreBluetooth1104PMTests.xctest */,
				43B6E8BD1FAD9D28008955A2 /* CoreBluetooth1104PMUITests.xctest */,
			);
			name = Products;
			sourceTree = "<group>";
		};
		43B6E89B1FAD9D28008955A2 /* CoreBluetooth1104PM */ = {
			isa = PBXGroup;
			children = (
				43B6E89F1FAD9D28008955A2 /* AppDelegate.h */,
				43B6E8A01FAD9D28008955A2 /* AppDelegate.m */,
				432B693821ADABE600E10205 /* CoreBluetooth */,
				43B6E8A51FAD9D28008955A2 /* Main.storyboard */,
				43B6E8A81FAD9D28008955A2 /* Assets.xcassets */,
				43B6E8AA1FAD9D28008955A2 /* LaunchScreen.storyboard */,
				43B6E8AD1FAD9D28008955A2 /* Info.plist */,
				43B6E89C1FAD9D28008955A2 /* Supporting Files */,
			);
			path = CoreBluetooth1104PM;
			sourceTree = "<group>";
		};
		43B6E89C1FAD9D28008955A2 /* Supporting Files */ = {
			isa = PBXGroup;
			children = (
				43B6E89D1FAD9D28008955A2 /* main.m */,
			);
			name = "Supporting Files";
			sourceTree = "<group>";
		};
		43B6E8B51FAD9D28008955A2 /* CoreBluetooth1104PMTests */ = {
			isa = PBXGroup;
			children = (
				43B6E8B61FAD9D28008955A2 /* CoreBluetooth1104PMTests.m */,
				43B6E8B81FAD9D28008955A2 /* Info.plist */,
			);
			path = CoreBluetooth1104PMTests;
			sourceTree = "<group>";
		};
		43B6E8C01FAD9D28008955A2 /* CoreBluetooth1104PMUITests */ = {
			isa = PBXGroup;
			children = (
				43B6E8C11FAD9D28008955A2 /* CoreBluetooth1104PMUITests.m */,
				43B6E8C31FAD9D28008955A2 /* Info.plist */,
			);
			path = CoreBluetooth1104PMUITests;
			sourceTree = "<group>";
		};
/* End PBXGroup section */

/* Begin PBXNativeTarget section */
		43B6E8981FAD9D28008955A2 /* CoreBluetooth1104PM */ = {
			isa = PBXNativeTarget;
			buildConfigurationList = 43B6E8C61FAD9D28008955A2 /* Build configuration list for PBXNativeTarget "CoreBluetooth1104PM" */;
			buildPhases = (
				43B6E8951FAD9D28008955A2 /* Sources */,
				43B6E8961FAD9D28008955A2 /* Frameworks */,
				43B6E8971FAD9D28008955A2 /* Resources */,
			);
			buildRules = (
			);
			dependencies = (
			);
			name = CoreBluetooth1104PM;
			productName = CoreBluetooth1104PM;
			productReference = 43B6E8991FAD9D28008955A2 /* CoreBluetooth1104PM.app */;
			productType = "com.apple.product-type.application";
		};
		43B6E8B11FAD9D28008955A2 /* CoreBluetooth1104PMTests */ = {
			isa = PBXNativeTarget;
			buildConfigurationList = 43B6E8C91FAD9D28008955A2 /* Build configuration list for PBXNativeTarget "CoreBluetooth1104PMTests" */;
			buildPhases = (
				43B6E8AE1FAD9D28008955A2 /* Sources */,
				43B6E8AF1FAD9D28008955A2 /* Frameworks */,
				43B6E8B01FAD9D28008955A2 /* Resources */,
			);
			buildRules = (
			);
			dependencies = (
				43B6E8B41FAD9D28008955A2 /* PBXTargetDependency */,
			);
			name = CoreBluetooth1104PMTests;
			productName = CoreBluetooth1104PMTests;
			productReference = 43B6E8B21FAD9D28008955A2 /* CoreBluetooth1104PMTests.xctest */;
			productType = "com.apple.product-type.bundle.unit-test";
		};
		43B6E8BC1FAD9D28008955A2 /* CoreBluetooth1104PMUITests */ = {
			isa = PBXNativeTarget;
			buildConfigurationList = 43B6E8CC1FAD9D28008955A2 /* Build configuration list for PBXNativeTarget "CoreBluetooth1104PMUITests" */;
			buildPhases = (
				43B6E8B91FAD9D28008955A2 /* Sources */,
				43B6E8BA1FAD9D28008955A2 /* Frameworks */,
				43B6E8BB1FAD9D28008955A2 /* Resources */,
			);
			buildRules = (
			);
			dependencies = (
				43B6E8BF1FAD9D28008955A2 /* PBXTargetDependency */,
			);
			name = CoreBluetooth1104PMUITests;
			productName = CoreBluetooth1104PMUITests;
			productReference = 43B6E8BD1FAD9D28008955A2 /* CoreBluetooth1104PMUITests.xctest */;
			productType = "com.apple.product-type.bundle.ui-testing";
		};
/* End PBXNativeTarget section */

/* Begin PBXProject section */
		43B6E8911FAD9D28008955A2 /* Project object */ = {
			isa = PBXProject;
			attributes = {
				LastUpgradeCheck = 0830;
				ORGANIZATIONNAME = HSZ;
				TargetAttributes = {
					43B6E8981FAD9D28008955A2 = {
						CreatedOnToolsVersion = 8.3.3;
						ProvisioningStyle = Manual;
					};
					43B6E8B11FAD9D28008955A2 = {
						CreatedOnToolsVersion = 8.3.3;
						ProvisioningStyle = Automatic;
						TestTargetID = 43B6E8981FAD9D28008955A2;
					};
					43B6E8BC1FAD9D28008955A2 = {
						CreatedOnToolsVersion = 8.3.3;
						ProvisioningStyle = Automatic;
						TestTargetID = 43B6E8981FAD9D28008955A2;
					};
				};
			};
			buildConfigurationList = 43B6E8941FAD9D28008955A2 /* Build configuration list for PBXProject "CoreBluetooth1104PM" */;
			compatibilityVersion = "Xcode 3.2";
			developmentRegion = English;
			hasScannedForEncodings = 0;
			knownRegions = (
				en,
				Base,
			);
			mainGroup = 43B6E8901FAD9D28008955A2;
			productRefGroup = 43B6E89A1FAD9D28008955A2 /* Products */;
			projectDirPath = "";
			projectRoot = "";
			targets = (
				43B6E8981FAD9D28008955A2 /* CoreBluetooth1104PM */,
				43B6E8B11FAD9D28008955A2 /* CoreBluetooth1104PMTests */,
				43B6E8BC1FAD9D28008955A2 /* CoreBluetooth1104PMUITests */,
			);
		};
/* End PBXProject section */

/* Begin PBXResourcesBuildPhase section */
		43B6E8971FAD9D28008955A2 /* Resources */ = {
			isa = PBXResourcesBuildPhase;
			buildActionMask = 2147483647;
			files = (
				43B6E8AC1FAD9D28008955A2 /* LaunchScreen.storyboard in Resources */,
				43B6E8A91FAD9D28008955A2 /* Assets.xcassets in Resources */,
				43B6E8A71FAD9D28008955A2 /* Main.storyboard in Resources */,
			);
			runOnlyForDeploymentPostprocessing = 0;
		};
		43B6E8B01FAD9D28008955A2 /* Resources */ = {
			isa = PBXResourcesBuildPhase;
			buildActionMask = 2147483647;
			files = (
			);
			runOnlyForDeploymentPostprocessing = 0;
		};
		43B6E8BB1FAD9D28008955A2 /* Resources */ = {
			isa = PBXResourcesBuildPhase;
			buildActionMask = 2147483647;
			files = (
			);
			runOnlyForDeploymentPostprocessing = 0;
		};
/* End PBXResourcesBuildPhase section */

/* Begin PBXSourcesBuildPhase section */
		43B6E8951FAD9D28008955A2 /* Sources */ = {
			isa = PBXSourcesBuildPhase;
			buildActionMask = 2147483647;
			files = (
				432B693B21ADABE600E10205 /* ViewController.m in Sources */,
				43B6E8A11FAD9D28008955A2 /* AppDelegate.m in Sources */,
				43B6E89E1FAD9D28008955A2 /* main.m in Sources */,
			);
			runOnlyForDeploymentPostprocessing = 0;
		};
		43B6E8AE1FAD9D28008955A2 /* Sources */ = {
			isa = PBXSourcesBuildPhase;
			buildActionMask = 2147483647;
			files = (
				43B6E8B71FAD9D28008955A2 /* CoreBluetooth1104PMTests.m in Sources */,
			);
			runOnlyForDeploymentPostprocessing = 0;
		};
		43B6E8B91FAD9D28008955A2 /* Sources */ = {
			isa = PBXSourcesBuildPhase;
			buildActionMask = 2147483647;
			files = (
				43B6E8C21FAD9D28008955A2 /* CoreBluetooth1104PMUITests.m in Sources */,
			);
			runOnlyForDeploymentPostprocessing = 0;
		};
/* End PBXSourcesBuildPhase section */

/* Begin PBXTargetDependency section */
		43B6E8B41FAD9D28008955A2 /* PBXTargetDependency */ = {
			isa = PBXTargetDependency;
			target = 43B6E8981FAD9D28008955A2 /* CoreBluetooth1104PM */;
			targetProxy = 43B6E8B31FAD9D28008955A2 /* PBXContainerItemProxy */;
		};
		43B6E8BF1FAD9D28008955A2 /* PBXTargetDependency */ = {
			isa = PBXTargetDependency;
			target = 43B6E8981FAD9D28008955A2 /* CoreBluetooth1104PM */;
			targetProxy = 43B6E8BE1FAD9D28008955A2 /* PBXContainerItemProxy */;
		};
/* End PBXTargetDependency section */

/* Begin PBXVariantGroup section */
		43B6E8A51FAD9D28008955A2 /* Main.storyboard */ = {
			isa = PBXVariantGroup;
			children = (
				43B6E8A61FAD9D28008955A2 /* Base */,
			);
			name = Main.storyboard;
			sourceTree = "<group>";
		};
		43B6E8AA1FAD9D28008955A2 /* LaunchScreen.storyboard */ = {
			isa = PBXVariantGroup;
			children = (
				43B6E8AB1FAD9D28008955A2 /* Base */,
			);
			name = LaunchScreen.storyboard;
			sourceTree = "<group>";
		};
/* End PBXVariantGroup section */

/* Begin XCBuildConfiguration section */
		43B6E8C41FAD9D28008955A2 /* Debug */ = {
			isa = XCBuildConfiguration;
			buildSettings = {
				ALWAYS_SEARCH_USER_PATHS = NO;
				CLANG_ANALYZER_NONNULL = YES;
				CLANG_ANALYZER_NUMBER_OBJECT_CONVERSION = YES_AGGRESSIVE;
				CLANG_CXX_LANGUAGE_STANDARD = "gnu++0x";
				CLANG_CXX_LIBRARY = "libc++";
				CLANG_ENABLE_MODULES = YES;
				CLANG_ENABLE_OBJC_ARC = YES;
				CLANG_WARN_BOOL_CONVERSION = YES;
				CLANG_WARN_CONSTANT_CONVERSION = YES;
				CLANG_WARN_DIRECT_OBJC_ISA_USAGE = YES_ERROR;
				CLANG_WARN_DOCUMENTATION_COMMENTS = YES;
				CLANG_WARN_EMPTY_BODY = YES;
				CLANG_WARN_ENUM_CONVERSION = YES;
				CLANG_WARN_INFINITE_RECURSION = YES;
				CLANG_WARN_INT_CONVERSION = YES;
				CLANG_WARN_OBJC_ROOT_CLASS = YES_ERROR;
				CLANG_WARN_SUSPICIOUS_MOVE = YES;
				CLANG_WARN_UNREACHABLE_CODE = YES;
				CLANG_WARN__DUPLICATE_METHOD_MATCH = YES;
				"CODE_SIGN_IDENTITY[sdk=iphoneos*]" = "iPhone Developer";
				COPY_PHASE_STRIP = NO;
				DEBUG_INFORMATION_FORMAT = dwarf;
				ENABLE_STRICT_OBJC_MSGSEND = YES;
				ENABLE_TESTABILITY = YES;
				GCC_C_LANGUAGE_STANDARD = gnu99;
				GCC_DYNAMIC_NO_PIC = NO;
				GCC_NO_COMMON_BLOCKS = YES;
				GCC_OPTIMIZATION_LEVEL = 0;
				GCC_PREPROCESSOR_DEFINITIONS = (
					"DEBUG=1",
					"$(inherited)",
				);
				GCC_WARN_64_TO_32_BIT_CONVERSION = YES;
				GCC_WARN_ABOUT_RETURN_TYPE = YES_ERROR;
				GCC_WARN_UNDECLARED_SELECTOR = YES;
				GCC_WARN_UNINITIALIZED_AUTOS = YES_AGGRESSIVE;
				GCC_WARN_UNUSED_FUNCTION = YES;
				GCC_WARN_UNUSED_VARIABLE = YES;
				IPHONEOS_DEPLOYMENT_TARGET = 10.3;
				MTL_ENABLE_DEBUG_INFO = YES;
				ONLY_ACTIVE_ARCH = YES;
				SDKROOT = iphoneos;
				TARGETED_DEVICE_FAMILY = "1,2";
			};
			name = Debug;
		};
		43B6E8C51FAD9D28008955A2 /* Release */ = {
			isa = XCBuildConfiguration;
			buildSettings = {
				ALWAYS_SEARCH_USER_PATHS = NO;
				CLANG_ANALYZER_NONNULL = YES;
				CLANG_ANALYZER_NUMBER_OBJECT_CONVERSION = YES_AGGRESSIVE;
				CLANG_CXX_LANGUAGE_STANDARD = "gnu++0x";
				CLANG_CXX_LIBRARY = "libc++";
				CLANG_ENABLE_MODULES = YES;
				CLANG_ENABLE_OBJC_ARC = YES;
				CLANG_WARN_BOOL_CONVERSION = YES;
				CLANG_WARN_CONSTANT_CONVERSION = YES;
				CLANG_WARN_DIRECT_OBJC_ISA_USAGE = YES_ERROR;
				CLANG_WARN_DOCUMENTATION_COMMENTS = YES;
				CLANG_WARN_EMPTY_BODY = YES;
				CLANG_WARN_ENUM_CONVERSION = YES;
				CLANG_WARN_INFINITE_RECURSION = YES;
				CLANG_WARN_INT_CONVERSION = YES;
				CLANG_WARN_OBJC_ROOT_CLASS = YES_ERROR;
				CLANG_WARN_SUSPICIOUS_MOVE = YES;
				CLANG_WARN_UNREACHABLE_CODE = YES;
				CLANG_WARN__DUPLICATE_METHOD_MATCH = YES;
				"CODE_SIGN_IDENTITY[sdk=iphoneos*]" = "iPhone Developer";
				COPY_PHASE_STRIP = NO;
				DEBUG_INFORMATION_FORMAT = "dwarf-with-dsym";
				ENABLE_NS_ASSERTIONS = NO;
				ENABLE_STRICT_OBJC_MSGSEND = YES;
				GCC_C_LANGUAGE_STANDARD = gnu99;
				GCC_NO_COMMON_BLOCKS = YES;
				GCC_WARN_64_TO_32_BIT_CONVERSION = YES;
				GCC_WARN_ABOUT_RETURN_TYPE = YES_ERROR;
				GCC_WARN_UNDECLARED_SELECTOR = YES;
				GCC_WARN_UNINITIALIZED_AUTOS = YES_AGGRESSIVE;
				GCC_WARN_UNUSED_FUNCTION = YES;
				GCC_WARN_UNUSED_VARIABLE = YES;
				IPHONEOS_DEPLOYMENT_TARGET = 10.3;
				MTL_ENABLE_DEBUG_INFO = NO;
				SDKROOT = iphoneos;
				TARGETED_DEVICE_FAMILY = "1,2";
				VALIDATE_PRODUCT = YES;
			};
			name = Release;
		};
		43B6E8C71FAD9D28008955A2 /* Debug */ = {
			isa = XCBuildConfiguration;
			buildSettings = {
				ASSETCATALOG_COMPILER_APPICON_NAME = AppIcon;
				DEVELOPMENT_TEAM = "";
				INFOPLIST_FILE = CoreBluetooth1104PM/Info.plist;
				IPHONEOS_DEPLOYMENT_TARGET = 8.0;
				LD_RUNPATH_SEARCH_PATHS = "$(inherited) @executable_path/Frameworks";
				PRODUCT_BUNDLE_IDENTIFIER = com.snamuLianxi.CoreBluetooth1104PM;
				PRODUCT_NAME = "$(TARGET_NAME)";
				PROVISIONING_PROFILE_SPECIFIER = "";
			};
			name = Debug;
		};
		43B6E8C81FAD9D28008955A2 /* Release */ = {
			isa = XCBuildConfiguration;
			buildSettings = {
				ASSETCATALOG_COMPILER_APPICON_NAME = AppIcon;
				DEVELOPMENT_TEAM = "";
				INFOPLIST_FILE = CoreBluetooth1104PM/Info.plist;
				IPHONEOS_DEPLOYMENT_TARGET = 8.0;
				LD_RUNPATH_SEARCH_PATHS = "$(inherited) @executable_path/Frameworks";
				PRODUCT_BUNDLE_IDENTIFIER = com.snamuLianxi.CoreBluetooth1104PM;
				PRODUCT_NAME = "$(TARGET_NAME)";
				PROVISIONING_PROFILE_SPECIFIER = "";
			};
			name = Release;
		};
		43B6E8CA1FAD9D28008955A2 /* Debug */ = {
			isa = XCBuildConfiguration;
			buildSettings = {
				BUNDLE_LOADER = "$(TEST_HOST)";
				INFOPLIST_FILE = CoreBluetooth1104PMTests/Info.plist;
				LD_RUNPATH_SEARCH_PATHS = "$(inherited) @executable_path/Frameworks @loader_path/Frameworks";
				PRODUCT_BUNDLE_IDENTIFIER = com.snamuLianxi.CoreBluetooth1104PMTests;
				PRODUCT_NAME = "$(TARGET_NAME)";
				TEST_HOST = "$(BUILT_PRODUCTS_DIR)/CoreBluetooth1104PM.app/CoreBluetooth1104PM";
			};
			name = Debug;
		};
		43B6E8CB1FAD9D28008955A2 /* Release */ = {
			isa = XCBuildConfiguration;
			buildSettings = {
				BUNDLE_LOADER = "$(TEST_HOST)";
				INFOPLIST_FILE = CoreBluetooth1104PMTests/Info.plist;
				LD_RUNPATH_SEARCH_PATHS = "$(inherited) @executable_path/Frameworks @loader_path/Frameworks";
				PRODUCT_BUNDLE_IDENTIFIER = com.snamuLianxi.CoreBluetooth1104PMTests;
				PRODUCT_NAME = "$(TARGET_NAME)";
				TEST_HOST = "$(BUILT_PRODUCTS_DIR)/CoreBluetooth1104PM.app/CoreBluetooth1104PM";
			};
			name = Release;
		};
		43B6E8CD1FAD9D28008955A2 /* Debug */ = {
			isa = XCBuildConfiguration;
			buildSettings = {
				INFOPLIST_FILE = CoreBluetooth1104PMUITests/Info.plist;
				LD_RUNPATH_SEARCH_PATHS = "$(inherited) @executable_path/Frameworks @loader_path/Frameworks";
				PRODUCT_BUNDLE_IDENTIFIER = com.snamuLianxi.CoreBluetooth1104PMUITests;
				PRODUCT_NAME = "$(TARGET_NAME)";
				TEST_TARGET_NAME = CoreBluetooth1104PM;
			};
			name = Debug;
		};
		43B6E8CE1FAD9D28008955A2 /* Release */ = {
			isa = XCBuildConfiguration;
			buildSettings = {
				INFOPLIST_FILE = CoreBluetooth1104PMUITests/Info.plist;
				LD_RUNPATH_SEARCH_PATHS = "$(inherited) @executable_path/Frameworks @loader_path/Frameworks";
				PRODUCT_BUNDLE_IDENTIFIER = com.snamuLianxi.CoreBluetooth1104PMUITests;
				PRODUCT_NAME = "$(TARGET_NAME)";
				TEST_TARGET_NAME = CoreBluetooth1104PM;
			};
			name = Release;
		};
/* End XCBuildConfiguration section */

/* Begin XCConfigurationList section */
		43B6E8941FAD9D28008955A2 /* Build configuration list for PBXProject "CoreBluetooth1104PM" */ = {
			isa = XCConfigurationList;
			buildConfigurations = (
				43B6E8C41FAD9D28008955A2 /* Debug */,
				43B6E8C51FAD9D28008955A2 /* Release */,
			);
			defaultConfigurationIsVisible = 0;
			defaultConfigurationName = Release;
		};
		43B6E8C61FAD9D28008955A2 /* Build configuration list for PBXNativeTarget "CoreBluetooth1104PM" */ = {
			isa = XCConfigurationList;
			buildConfigurations = (
				43B6E8C71FAD9D28008955A2 /* Debug */,
				43B6E8C81FAD9D28008955A2 /* Release */,
			);
			defaultConfigurationIsVisible = 0;
			defaultConfigurationName = Release;
		};
		43B6E8C91FAD9D28008955A2 /* Build configuration list for PBXNativeTarget "CoreBluetooth1104PMTests" */ = {
			isa = XCConfigurationList;
			buildConfigurations = (
				43B6E8CA1FAD9D28008955A2 /* Debug */,
				43B6E8CB1FAD9D28008955A2 /* Release */,
			);
			defaultConfigurationIsVisible = 0;
			defaultConfigurationName = Release;
		};
		43B6E8CC1FAD9D28008955A2 /* Build configuration list for PBXNativeTarget "CoreBluetooth1104PMUITests" */ = {
			isa = XCConfigurationList;
			buildConfigurations = (
				43B6E8CD1FAD9D28008955A2 /* Debug */,
				43B6E8CE1FAD9D28008955A2 /* Release */,
			);
			defaultConfigurationIsVisible = 0;
			defaultConfigurationName = Release;
		};
/* End XCConfigurationList section */
	};
	rootObject = 43B6E8911FAD9D28008955A2 /* Project object */;
}
